// !$*UTF8*$!
{
	archiveVersion = 1;
	classes = {
	};
	objectVersion = 50;
	objects = {

/* Begin PBXBuildFile section */
		09D95F2E234536C7007A7E5A /* AppDelegate.swift in Sources */ = {isa = PBXBuildFile; fileRef = 09D95F2D234536C7007A7E5A /* AppDelegate.swift */; };
		09D95F30234536C7007A7E5A /* SceneDelegate.swift in Sources */ = {isa = PBXBuildFile; fileRef = 09D95F2F234536C7007A7E5A /* SceneDelegate.swift */; };
		09D95F32234536C7007A7E5A /* ViewController.swift in Sources */ = {isa = PBXBuildFile; fileRef = 09D95F31234536C7007A7E5A /* ViewController.swift */; };
		09D95F35234536C8007A7E5A /* Main.storyboard in Resources */ = {isa = PBXBuildFile; fileRef = 09D95F33234536C8007A7E5A /* Main.storyboard */; };
		09D95F37234536D1007A7E5A /* Assets.xcassets in Resources */ = {isa = PBXBuildFile; fileRef = 09D95F36234536D1007A7E5A /* Assets.xcassets */; };
		09D95F3A234536D1007A7E5A /* LaunchScreen.storyboard in Resources */ = {isa = PBXBuildFile; fileRef = 09D95F38234536D1007A7E5A /* LaunchScreen.storyboard */; };
		09D95F45234536D1007A7E5A /* Quest_Global_Code_Challenge_iOSTests.swift in Sources */ = {isa = PBXBuildFile; fileRef = 09D95F44234536D1007A7E5A /* Quest_Global_Code_Challenge_iOSTests.swift */; };
		09D95F50234536D1007A7E5A /* Quest_Global_Code_Challenge_iOSUITests.swift in Sources */ = {isa = PBXBuildFile; fileRef = 09D95F4F234536D1007A7E5A /* Quest_Global_Code_Challenge_iOSUITests.swift */; };
/* End PBXBuildFile section */

/* Begin PBXContainerItemProxy section */
		09D95F41234536D1007A7E5A /* PBXContainerItemProxy */ = {
			isa = PBXContainerItemProxy;
			containerPortal = 09D95F22234536C7007A7E5A /* Project object */;
			proxyType = 1;
			remoteGlobalIDString = 09D95F29234536C7007A7E5A;
			remoteInfo = Quest_Global_Code_Challenge_iOS;
		};
		09D95F4C234536D1007A7E5A /* PBXContainerItemProxy */ = {
			isa = PBXContainerItemProxy;
			containerPortal = 09D95F22234536C7007A7E5A /* Project object */;
			proxyType = 1;
			remoteGlobalIDString = 09D95F29234536C7007A7E5A;
			remoteInfo = Quest_Global_Code_Challenge_iOS;
		};
/* End PBXContainerItemProxy section */

/* Begin PBXFileReference section */
		09D95F2A234536C7007A7E5A /* Quest_Global_Code_Challenge_iOS.app */ = {isa = PBXFileReference; explicitFileType = wrapper.application; includeInIndex = 0; path = Quest_Global_Code_Challenge_iOS.app; sourceTree = BUILT_PRODUCTS_DIR; };
		09D95F2D234536C7007A7E5A /* AppDelegate.swift */ = {isa = PBXFileReference; lastKnownFileType = sourcecode.swift; path = AppDelegate.swift; sourceTree = "<group>"; };
		09D95F2F234536C7007A7E5A /* SceneDelegate.swift */ = {isa = PBXFileReference; lastKnownFileType = sourcecode.swift; path = SceneDelegate.swift; sourceTree = "<group>"; };
		09D95F31234536C7007A7E5A /* ViewController.swift */ = {isa = PBXFileReference; lastKnownFileType = sourcecode.swift; path = ViewController.swift; sourceTree = "<group>"; };
		09D95F34234536C8007A7E5A /* Base */ = {isa = PBXFileReference; lastKnownFileType = file.storyboard; name = Base; path = Base.lproj/Main.storyboard; sourceTree = "<group>"; };
		09D95F36234536D1007A7E5A /* Assets.xcassets */ = {isa = PBXFileReference; lastKnownFileType = folder.assetcatalog; path = Assets.xcassets; sourceTree = "<group>"; };
		09D95F39234536D1007A7E5A /* Base */ = {isa = PBXFileReference; lastKnownFileType = file.storyboard; name = Base; path = Base.lproj/LaunchScreen.storyboard; sourceTree = "<group>"; };
		09D95F3B234536D1007A7E5A /* Info.plist */ = {isa = PBXFileReference; lastKnownFileType = text.plist.xml; path = Info.plist; sourceTree = "<group>"; };
		09D95F40234536D1007A7E5A /* Quest_Global_Code_Challenge_iOSTests.xctest */ = {isa = PBXFileReference; explicitFileType = wrapper.cfbundle; includeInIndex = 0; path = Quest_Global_Code_Challenge_iOSTests.xctest; sourceTree = BUILT_PRODUCTS_DIR; };
		09D95F44234536D1007A7E5A /* Quest_Global_Code_Challenge_iOSTests.swift */ = {isa = PBXFileReference; lastKnownFileType = sourcecode.swift; path = Quest_Global_Code_Challenge_iOSTests.swift; sourceTree = "<group>"; };
		09D95F46234536D1007A7E5A /* Info.plist */ = {isa = PBXFileReference; lastKnownFileType = text.plist.xml; path = Info.plist; sourceTree = "<group>"; };
		09D95F4B234536D1007A7E5A /* Quest_Global_Code_Challenge_iOSUITests.xctest */ = {isa = PBXFileReference; explicitFileType = wrapper.cfbundle; includeInIndex = 0; path = Quest_Global_Code_Challenge_iOSUITests.xctest; sourceTree = BUILT_PRODUCTS_DIR; };
		09D95F4F234536D1007A7E5A /* Quest_Global_Code_Challenge_iOSUITests.swift */ = {isa = PBXFileReference; lastKnownFileType = sourcecode.swift; path = Quest_Global_Code_Challenge_iOSUITests.swift; sourceTree = "<group>"; };
		09D95F51234536D1007A7E5A /* Info.plist */ = {isa = PBXFileReference; lastKnownFileType = text.plist.xml; path = Info.plist; sourceTree = "<group>"; };
/* End PBXFileReference section */

/* Begin PBXFrameworksBuildPhase section */
		09D95F27234536C7007A7E5A /* Frameworks */ = {
			isa = PBXFrameworksBuildPhase;
			buildActionMask = 2147483647;
			files = (
			);
			runOnlyForDeploymentPostprocessing = 0;
		};
		09D95F3D234536D1007A7E5A /* Frameworks */ = {
			isa = PBXFrameworksBuildPhase;
			buildActionMask = 2147483647;
			files = (
			);
			runOnlyForDeploymentPostprocessing = 0;
		};
		09D95F48234536D1007A7E5A /* Frameworks */ = {
			isa = PBXFrameworksBuildPhase;
			buildActionMask = 2147483647;
			files = (
			);
			runOnlyForDeploymentPostprocessing = 0;
		};
/* End PBXFrameworksBuildPhase section */

/* Begin PBXGroup section */
		09D95F21234536C7007A7E5A = {
			isa = PBXGroup;
			children = (
				09D95F2C234536C7007A7E5A /* Quest_Global_Code_Challenge_iOS */,
				09D95F43234536D1007A7E5A /* Quest_Global_Code_Challenge_iOSTests */,
				09D95F4E234536D1007A7E5A /* Quest_Global_Code_Challenge_iOSUITests */,
				09D95F2B234536C7007A7E5A /* Products */,
			);
			sourceTree = "<group>";
		};
		09D95F2B234536C7007A7E5A /* Products */ = {
			isa = PBXGroup;
			children = (
				09D95F2A234536C7007A7E5A /* Quest_Global_Code_Challenge_iOS.app */,
				09D95F40234536D1007A7E5A /* Quest_Global_Code_Challenge_iOSTests.xctest */,
				09D95F4B234536D1007A7E5A /* Quest_Global_Code_Challenge_iOSUITests.xctest */,
			);
			name = Products;
			sourceTree = "<group>";
		};
		09D95F2C234536C7007A7E5A /* Quest_Global_Code_Challenge_iOS */ = {
			isa = PBXGroup;
			children = (
				09D95F2D234536C7007A7E5A /* AppDelegate.swift */,
				09D95F2F234536C7007A7E5A /* SceneDelegate.swift */,
				09D95F31234536C7007A7E5A /* ViewController.swift */,
				09D95F33234536C8007A7E5A /* Main.storyboard */,
				09D95F36234536D1007A7E5A /* Assets.xcassets */,
				09D95F38234536D1007A7E5A /* LaunchScreen.storyboard */,
				09D95F3B234536D1007A7E5A /* Info.plist */,
			);
			path = Quest_Global_Code_Challenge_iOS;
			sourceTree = "<group>";
		};
		09D95F43234536D1007A7E5A /* Quest_Global_Code_Challenge_iOSTests */ = {
			isa = PBXGroup;
			children = (
				09D95F44234536D1007A7E5A /* Quest_Global_Code_Challenge_iOSTests.swift */,
				09D95F46234536D1007A7E5A /* Info.plist */,
			);
			path = Quest_Global_Code_Challenge_iOSTests;
			sourceTree = "<group>";
		};
		09D95F4E234536D1007A7E5A /* Quest_Global_Code_Challenge_iOSUITests */ = {
			isa = PBXGroup;
			children = (
				09D95F4F234536D1007A7E5A /* Quest_Global_Code_Challenge_iOSUITests.swift */,
				09D95F51234536D1007A7E5A /* Info.plist */,
			);
			path = Quest_Global_Code_Challenge_iOSUITests;
			sourceTree = "<group>";
		};
/* End PBXGroup section */

/* Begin PBXNativeTarget section */
		09D95F29234536C7007A7E5A /* Quest_Global_Code_Challenge_iOS */ = {
			isa = PBXNativeTarget;
			buildConfigurationList = 09D95F54234536D1007A7E5A /* Build configuration list for PBXNativeTarget "Quest_Global_Code_Challenge_iOS" */;
			buildPhases = (
				09D95F26234536C7007A7E5A /* Sources */,
				09D95F27234536C7007A7E5A /* Frameworks */,
				09D95F28234536C7007A7E5A /* Resources */,
			);
			buildRules = (
			);
			dependencies = (
			);
			name = Quest_Global_Code_Challenge_iOS;
			productName = Quest_Global_Code_Challenge_iOS;
			productReference = 09D95F2A234536C7007A7E5A /* Quest_Global_Code_Challenge_iOS.app */;
			productType = "com.apple.product-type.application";
		};
		09D95F3F234536D1007A7E5A /* Quest_Global_Code_Challenge_iOSTests */ = {
			isa = PBXNativeTarget;
			buildConfigurationList = 09D95F57234536D1007A7E5A /* Build configuration list for PBXNativeTarget "Quest_Global_Code_Challenge_iOSTests" */;
			buildPhases = (
				09D95F3C234536D1007A7E5A /* Sources */,
				09D95F3D234536D1007A7E5A /* Frameworks */,
				09D95F3E234536D1007A7E5A /* Resources */,
			);
			buildRules = (
			);
			dependencies = (
				09D95F42234536D1007A7E5A /* PBXTargetDependency */,
			);
			name = Quest_Global_Code_Challenge_iOSTests;
			productName = Quest_Global_Code_Challenge_iOSTests;
			productReference = 09D95F40234536D1007A7E5A /* Quest_Global_Code_Challenge_iOSTests.xctest */;
			productType = "com.apple.product-type.bundle.unit-test";
		};
		09D95F4A234536D1007A7E5A /* Quest_Global_Code_Challenge_iOSUITests */ = {
			isa = PBXNativeTarget;
			buildConfigurationList = 09D95F5A234536D1007A7E5A /* Build configuration list for PBXNativeTarget "Quest_Global_Code_Challenge_iOSUITests" */;
			buildPhases = (
				09D95F47234536D1007A7E5A /* Sources */,
				09D95F48234536D1007A7E5A /* Frameworks */,
				09D95F49234536D1007A7E5A /* Resources */,
			);
			buildRules = (
			);
			dependencies = (
				09D95F4D234536D1007A7E5A /* PBXTargetDependency */,
			);
			name = Quest_Global_Code_Challenge_iOSUITests;
			productName = Quest_Global_Code_Challenge_iOSUITests;
			productReference = 09D95F4B234536D1007A7E5A /* Quest_Global_Code_Challenge_iOSUITests.xctest */;
			productType = "com.apple.product-type.bundle.ui-testing";
		};
/* End PBXNativeTarget section */

/* Begin PBXProject section */
		09D95F22234536C7007A7E5A /* Project object */ = {
			isa = PBXProject;
			attributes = {
				LastSwiftUpdateCheck = 1100;
				LastUpgradeCheck = 1100;
				ORGANIZATIONNAME = "Erick Quintanar";
				TargetAttributes = {
					09D95F29234536C7007A7E5A = {
						CreatedOnToolsVersion = 11.0;
					};
					09D95F3F234536D1007A7E5A = {
						CreatedOnToolsVersion = 11.0;
						TestTargetID = 09D95F29234536C7007A7E5A;
					};
					09D95F4A234536D1007A7E5A = {
						CreatedOnToolsVersion = 11.0;
						TestTargetID = 09D95F29234536C7007A7E5A;
					};
				};
			};
			buildConfigurationList = 09D95F25234536C7007A7E5A /* Build configuration list for PBXProject "Quest_Global_Code_Challenge_iOS" */;
			compatibilityVersion = "Xcode 9.3";
			developmentRegion = en;
			hasScannedForEncodings = 0;
			knownRegions = (
				en,
				Base,
			);
			mainGroup = 09D95F21234536C7007A7E5A;
			productRefGroup = 09D95F2B234536C7007A7E5A /* Products */;
			projectDirPath = "";
			projectRoot = "";
			targets = (
				09D95F29234536C7007A7E5A /* Quest_Global_Code_Challenge_iOS */,
				09D95F3F234536D1007A7E5A /* Quest_Global_Code_Challenge_iOSTests */,
				09D95F4A234536D1007A7E5A /* Quest_Global_Code_Challenge_iOSUITests */,
			);
		};
/* End PBXProject section */

/* Begin PBXResourcesBuildPhase section */
		09D95F28234536C7007A7E5A /* Resources */ = {
			isa = PBXResourcesBuildPhase;
			buildActionMask = 2147483647;
			files = (
				09D95F3A234536D1007A7E5A /* LaunchScreen.storyboard in Resources */,
				09D95F37234536D1007A7E5A /* Assets.xcassets in Resources */,
				09D95F35234536C8007A7E5A /* Main.storyboard in Resources */,
			);
			runOnlyForDeploymentPostprocessing = 0;
		};
		09D95F3E234536D1007A7E5A /* Resources */ = {
			isa = PBXResourcesBuildPhase;
			buildActionMask = 2147483647;
			files = (
			);
			runOnlyForDeploymentPostprocessing = 0;
		};
		09D95F49234536D1007A7E5A /* Resources */ = {
			isa = PBXResourcesBuildPhase;
			buildActionMask = 2147483647;
			files = (
			);
			runOnlyForDeploymentPostprocessing = 0;
		};
/* End PBXResourcesBuildPhase section */

/* Begin PBXSourcesBuildPhase section */
		09D95F26234536C7007A7E5A /* Sources */ = {
			isa = PBXSourcesBuildPhase;
			buildActionMask = 2147483647;
			files = (
				09D95F32234536C7007A7E5A /* ViewController.swift in Sources */,
				09D95F2E234536C7007A7E5A /* AppDelegate.swift in Sources */,
				09D95F30234536C7007A7E5A /* SceneDelegate.swift in Sources */,
			);
			runOnlyForDeploymentPostprocessing = 0;
		};
		09D95F3C234536D1007A7E5A /* Sources */ = {
			isa = PBXSourcesBuildPhase;
			buildActionMask = 2147483647;
			files = (
				09D95F45234536D1007A7E5A /* Quest_Global_Code_Challenge_iOSTests.swift in Sources */,
			);
			runOnlyForDeploymentPostprocessing = 0;
		};
		09D95F47234536D1007A7E5A /* Sources */ = {
			isa = PBXSourcesBuildPhase;
			buildActionMask = 2147483647;
			files = (
				09D95F50234536D1007A7E5A /* Quest_Global_Code_Challenge_iOSUITests.swift in Sources */,
			);
			runOnlyForDeploymentPostprocessing = 0;
		};
/* End PBXSourcesBuildPhase section */

/* Begin PBXTargetDependency section */
		09D95F42234536D1007A7E5A /* PBXTargetDependency */ = {
			isa = PBXTargetDependency;
			target = 09D95F29234536C7007A7E5A /* Quest_Global_Code_Challenge_iOS */;
			targetProxy = 09D95F41234536D1007A7E5A /* PBXContainerItemProxy */;
		};
		09D95F4D234536D1007A7E5A /* PBXTargetDependency */ = {
			isa = PBXTargetDependency;
			target = 09D95F29234536C7007A7E5A /* Quest_Global_Code_Challenge_iOS */;
			targetProxy = 09D95F4C234536D1007A7E5A /* PBXContainerItemProxy */;
		};
/* End PBXTargetDependency section */

/* Begin PBXVariantGroup section */
		09D95F33234536C8007A7E5A /* Main.storyboard */ = {
			isa = PBXVariantGroup;
			children = (
				09D95F34234536C8007A7E5A /* Base */,
			);
			name = Main.storyboard;
			sourceTree = "<group>";
		};
		09D95F38234536D1007A7E5A /* LaunchScreen.storyboard */ = {
			isa = PBXVariantGroup;
			children = (
				09D95F39234536D1007A7E5A /* Base */,
			);
			name = LaunchScreen.storyboard;
			sourceTree = "<group>";
		};
/* End PBXVariantGroup section */

/* Begin XCBuildConfiguration section */
		09D95F52234536D1007A7E5A /* Debug */ = {
			isa = XCBuildConfiguration;
			buildSettings = {
				ALWAYS_SEARCH_USER_PATHS = NO;
				CLANG_ANALYZER_NONNULL = YES;
				CLANG_ANALYZER_NUMBER_OBJECT_CONVERSION = YES_AGGRESSIVE;
				CLANG_CXX_LANGUAGE_STANDARD = "gnu++14";
				CLANG_CXX_LIBRARY = "libc++";
				CLANG_ENABLE_MODULES = YES;
				CLANG_ENABLE_OBJC_ARC = YES;
				CLANG_ENABLE_OBJC_WEAK = YES;
				CLANG_WARN_BLOCK_CAPTURE_AUTORELEASING = YES;
				CLANG_WARN_BOOL_CONVERSION = YES;
				CLANG_WARN_COMMA = YES;
				CLANG_WARN_CONSTANT_CONVERSION = YES;
				CLANG_WARN_DEPRECATED_OBJC_IMPLEMENTATIONS = YES;
				CLANG_WARN_DIRECT_OBJC_ISA_USAGE = YES_ERROR;
				CLANG_WARN_DOCUMENTATION_COMMENTS = YES;
				CLANG_WARN_EMPTY_BODY = YES;
				CLANG_WARN_ENUM_CONVERSION = YES;
				CLANG_WARN_INFINITE_RECURSION = YES;
				CLANG_WARN_INT_CONVERSION = YES;
				CLANG_WARN_NON_LITERAL_NULL_CONVERSION = YES;
				CLANG_WARN_OBJC_IMPLICIT_RETAIN_SELF = YES;
				CLANG_WARN_OBJC_LITERAL_CONVERSION = YES;
				CLANG_WARN_OBJC_ROOT_CLASS = YES_ERROR;
				CLANG_WARN_RANGE_LOOP_ANALYSIS = YES;
				CLANG_WARN_STRICT_PROTOTYPES = YES;
				CLANG_WARN_SUSPICIOUS_MOVE = YES;
				CLANG_WARN_UNGUARDED_AVAILABILITY = YES_AGGRESSIVE;
				CLANG_WARN_UNREACHABLE_CODE = YES;
				CLANG_WARN__DUPLICATE_METHOD_MATCH = YES;
				COPY_PHASE_STRIP = NO;
				DEBUG_INFORMATION_FORMAT = dwarf;
				ENABLE_STRICT_OBJC_MSGSEND = YES;
				ENABLE_TESTABILITY = YES;
				GCC_C_LANGUAGE_STANDARD = gnu11;
				GCC_DYNAMIC_NO_PIC = NO;
				GCC_NO_COMMON_BLOCKS = YES;
				GCC_OPTIMIZATION_LEVEL = 0;
				GCC_PREPROCESSOR_DEFINITIONS = (
					"DEBUG=1",
					"$(inherited)",
				);
				GCC_WARN_64_TO_32_BIT_CONVERSION = YES;
				GCC_WARN_ABOUT_RETURN_TYPE = YES_ERROR;
				GCC_WARN_UNDECLARED_SELECTOR = YES;
				GCC_WARN_UNINITIALIZED_AUTOS = YES_AGGRESSIVE;
				GCC_WARN_UNUSED_FUNCTION = YES;
				GCC_WARN_UNUSED_VARIABLE = YES;
				IPHONEOS_DEPLOYMENT_TARGET = 13.0;
				MTL_ENABLE_DEBUG_INFO = INCLUDE_SOURCE;
				MTL_FAST_MATH = YES;
				ONLY_ACTIVE_ARCH = YES;
				SDKROOT = iphoneos;
				SWIFT_ACTIVE_COMPILATION_CONDITIONS = DEBUG;
				SWIFT_OPTIMIZATION_LEVEL = "-Onone";
			};
			name = Debug;
		};
		09D95F53234536D1007A7E5A /* Release */ = {
			isa = XCBuildConfiguration;
			buildSettings = {
				ALWAYS_SEARCH_USER_PATHS = NO;
				CLANG_ANALYZER_NONNULL = YES;
				CLANG_ANALYZER_NUMBER_OBJECT_CONVERSION = YES_AGGRESSIVE;
				CLANG_CXX_LANGUAGE_STANDARD = "gnu++14";
				CLANG_CXX_LIBRARY = "libc++";
				CLANG_ENABLE_MODULES = YES;
				CLANG_ENABLE_OBJC_ARC = YES;
				CLANG_ENABLE_OBJC_WEAK = YES;
				CLANG_WARN_BLOCK_CAPTURE_AUTORELEASING = YES;
				CLANG_WARN_BOOL_CONVERSION = YES;
				CLANG_WARN_COMMA = YES;
				CLANG_WARN_CONSTANT_CONVERSION = YES;
				CLANG_WARN_DEPRECATED_OBJC_IMPLEMENTATIONS = YES;
				CLANG_WARN_DIRECT_OBJC_ISA_USAGE = YES_ERROR;
				CLANG_WARN_DOCUMENTATION_COMMENTS = YES;
				CLANG_WARN_EMPTY_BODY = YES;
				CLANG_WARN_ENUM_CONVERSION = YES;
				CLANG_WARN_INFINITE_RECURSION = YES;
				CLANG_WARN_INT_CONVERSION = YES;
				CLANG_WARN_NON_LITERAL_NULL_CONVERSION = YES;
				CLANG_WARN_OBJC_IMPLICIT_RETAIN_SELF = YES;
				CLANG_WARN_OBJC_LITERAL_CONVERSION = YES;
				CLANG_WARN_OBJC_ROOT_CLASS = YES_ERROR;
				CLANG_WARN_RANGE_LOOP_ANALYSIS = YES;
				CLANG_WARN_STRICT_PROTOTYPES = YES;
				CLANG_WARN_SUSPICIOUS_MOVE = YES;
				CLANG_WARN_UNGUARDED_AVAILABILITY = YES_AGGRESSIVE;
				CLANG_WARN_UNREACHABLE_CODE = YES;
				CLANG_WARN__DUPLICATE_METHOD_MATCH = YES;
				COPY_PHASE_STRIP = NO;
				DEBUG_INFORMATION_FORMAT = "dwarf-with-dsym";
				ENABLE_NS_ASSERTIONS = NO;
				ENABLE_STRICT_OBJC_MSGSEND = YES;
				GCC_C_LANGUAGE_STANDARD = gnu11;
				GCC_NO_COMMON_BLOCKS = YES;
				GCC_WARN_64_TO_32_BIT_CONVERSION = YES;
				GCC_WARN_ABOUT_RETURN_TYPE = YES_ERROR;
				GCC_WARN_UNDECLARED_SELECTOR = YES;
				GCC_WARN_UNINITIALIZED_AUTOS = YES_AGGRESSIVE;
				GCC_WARN_UNUSED_FUNCTION = YES;
				GCC_WARN_UNUSED_VARIABLE = YES;
				IPHONEOS_DEPLOYMENT_TARGET = 13.0;
				MTL_ENABLE_DEBUG_INFO = NO;
				MTL_FAST_MATH = YES;
				SDKROOT = iphoneos;
				SWIFT_COMPILATION_MODE = wholemodule;
				SWIFT_OPTIMIZATION_LEVEL = "-O";
				VALIDATE_PRODUCT = YES;
			};
			name = Release;
		};
		09D95F55234536D1007A7E5A /* Debug */ = {
			isa = XCBuildConfiguration;
			buildSettings = {
				ASSETCATALOG_COMPILER_APPICON_NAME = AppIcon;
				CODE_SIGN_STYLE = Automatic;
				DEVELOPMENT_TEAM = 7NHDFX7768;
				INFOPLIST_FILE = Quest_Global_Code_Challenge_iOS/Info.plist;
				LD_RUNPATH_SEARCH_PATHS = (
					"$(inherited)",
					"@executable_path/Frameworks",
				);
				PRODUCT_BUNDLE_IDENTIFIER = "com.quintanar.GuestGlobalChallenge.Quest-Global-Code-Challenge-iOS";
				PRODUCT_NAME = "$(TARGET_NAME)";
				SWIFT_VERSION = 5.0;
				TARGETED_DEVICE_FAMILY = "1,2";
			};
			name = Debug;
		};
		09D95F56234536D1007A7E5A /* Release */ = {
			isa = XCBuildConfiguration;
			buildSettings = {
				ASSETCATALOG_COMPILER_APPICON_NAME = AppIcon;
				CODE_SIGN_STYLE = Automatic;
				DEVELOPMENT_TEAM = 7NHDFX7768;
				INFOPLIST_FILE = Quest_Global_Code_Challenge_iOS/Info.plist;
				LD_RUNPATH_SEARCH_PATHS = (
					"$(inherited)",
					"@executable_path/Frameworks",
				);
				PRODUCT_BUNDLE_IDENTIFIER = "com.quintanar.GuestGlobalChallenge.Quest-Global-Code-Challenge-iOS";
				PRODUCT_NAME = "$(TARGET_NAME)";
				SWIFT_VERSION = 5.0;
				TARGETED_DEVICE_FAMILY = "1,2";
			};
			name = Release;
		};
		09D95F58234536D1007A7E5A /* Debug */ = {
			isa = XCBuildConfiguration;
			buildSettings = {
				ALWAYS_EMBED_SWIFT_STANDARD_LIBRARIES = YES;
				BUNDLE_LOADER = "$(TEST_HOST)";
				CODE_SIGN_STYLE = Automatic;
				DEVELOPMENT_TEAM = 7NHDFX7768;
				INFOPLIST_FILE = Quest_Global_Code_Challenge_iOSTests/Info.plist;
				LD_RUNPATH_SEARCH_PATHS = (
					"$(inherited)",
					"@executable_path/Frameworks",
					"@loader_path/Frameworks",
				);
				PRODUCT_BUNDLE_IDENTIFIER = "com.quintanar.GuestGlobalChallenge.Quest-Global-Code-Challenge-iOSTests";
				PRODUCT_NAME = "$(TARGET_NAME)";
				SWIFT_VERSION = 5.0;
				TARGETED_DEVICE_FAMILY = "1,2";
				TEST_HOST = "$(BUILT_PRODUCTS_DIR)/Quest_Global_Code_Challenge_iOS.app/Quest_Global_Code_Challenge_iOS";
			};
			name = Debug;
		};
		09D95F59234536D1007A7E5A /* Release */ = {
			isa = XCBuildConfiguration;
			buildSettings = {
				ALWAYS_EMBED_SWIFT_STANDARD_LIBRARIES = YES;
				BUNDLE_LOADER = "$(TEST_HOST)";
				CODE_SIGN_STYLE = Automatic;
				DEVELOPMENT_TEAM = 7NHDFX7768;
				INFOPLIST_FILE = Quest_Global_Code_Challenge_iOSTests/Info.plist;
				LD_RUNPATH_SEARCH_PATHS = (
					"$(inherited)",
					"@executable_path/Frameworks",
					"@loader_path/Frameworks",
				);
				PRODUCT_BUNDLE_IDENTIFIER = "com.quintanar.GuestGlobalChallenge.Quest-Global-Code-Challenge-iOSTests";
				PRODUCT_NAME = "$(TARGET_NAME)";
				SWIFT_VERSION = 5.0;
				TARGETED_DEVICE_FAMILY = "1,2";
				TEST_HOST = "$(BUILT_PRODUCTS_DIR)/Quest_Global_Code_Challenge_iOS.app/Quest_Global_Code_Challenge_iOS";
			};
			name = Release;
		};
		09D95F5B234536D1007A7E5A /* Debug */ = {
			isa = XCBuildConfiguration;
			buildSettings = {
				ALWAYS_EMBED_SWIFT_STANDARD_LIBRARIES = YES;
				CODE_SIGN_STYLE = Automatic;
				DEVELOPMENT_TEAM = 7NHDFX7768;
				INFOPLIST_FILE = Quest_Global_Code_Challenge_iOSUITests/Info.plist;
				LD_RUNPATH_SEARCH_PATHS = (
					"$(inherited)",
					"@executable_path/Frameworks",
					"@loader_path/Frameworks",
				);
				PRODUCT_BUNDLE_IDENTIFIER = "com.quintanar.GuestGlobalChallenge.Quest-Global-Code-Challenge-iOSUITests";
				PRODUCT_NAME = "$(TARGET_NAME)";
				SWIFT_VERSION = 5.0;
				TARGETED_DEVICE_FAMILY = "1,2";
				TEST_TARGET_NAME = Quest_Global_Code_Challenge_iOS;
			};
			name = Debug;
		};
		09D95F5C234536D1007A7E5A /* Release */ = {
			isa = XCBuildConfiguration;
			buildSettings = {
				ALWAYS_EMBED_SWIFT_STANDARD_LIBRARIES = YES;
				CODE_SIGN_STYLE = Automatic;
				DEVELOPMENT_TEAM = 7NHDFX7768;
				INFOPLIST_FILE = Quest_Global_Code_Challenge_iOSUITests/Info.plist;
				LD_RUNPATH_SEARCH_PATHS = (
					"$(inherited)",
					"@executable_path/Frameworks",
					"@loader_path/Frameworks",
				);
				PRODUCT_BUNDLE_IDENTIFIER = "com.quintanar.GuestGlobalChallenge.Quest-Global-Code-Challenge-iOSUITests";
				PRODUCT_NAME = "$(TARGET_NAME)";
				SWIFT_VERSION = 5.0;
				TARGETED_DEVICE_FAMILY = "1,2";
				TEST_TARGET_NAME = Quest_Global_Code_Challenge_iOS;
			};
			name = Release;
		};
/* End XCBuildConfiguration section */

/* Begin XCConfigurationList section */
		09D95F25234536C7007A7E5A /* Build configuration list for PBXProject "Quest_Global_Code_Challenge_iOS" */ = {
			isa = XCConfigurationList;
			buildConfigurations = (
				09D95F52234536D1007A7E5A /* Debug */,
				09D95F53234536D1007A7E5A /* Release */,
			);
			defaultConfigurationIsVisible = 0;
			defaultConfigurationName = Release;
		};
		09D95F54234536D1007A7E5A /* Build configuration list for PBXNativeTarget "Quest_Global_Code_Challenge_iOS" */ = {
			isa = XCConfigurationList;
			buildConfigurations = (
				09D95F55234536D1007A7E5A /* Debug */,
				09D95F56234536D1007A7E5A /* Release */,
			);
			defaultConfigurationIsVisible = 0;
			defaultConfigurationName = Release;
		};
		09D95F57234536D1007A7E5A /* Build configuration list for PBXNativeTarget "Quest_Global_Code_Challenge_iOSTests" */ = {
			isa = XCConfigurationList;
			buildConfigurations = (
				09D95F58234536D1007A7E5A /* Debug */,
				09D95F59234536D1007A7E5A /* Release */,
			);
			defaultConfigurationIsVisible = 0;
			defaultConfigurationName = Release;
		};
		09D95F5A234536D1007A7E5A /* Build configuration list for PBXNativeTarget "Quest_Global_Code_Challenge_iOSUITests" */ = {
			isa = XCConfigurationList;
			buildConfigurations = (
				09D95F5B234536D1007A7E5A /* Debug */,
				09D95F5C234536D1007A7E5A /* Release */,
			);
			defaultConfigurationIsVisible = 0;
			defaultConfigurationName = Release;
		};
/* End XCConfigurationList section */
	};
	rootObject = 09D95F22234536C7007A7E5A /* Project object */;
}
